# Written by 'cc-guides render' — do not edit.
schema = 1
version = "0.1.54"
artifacts = [".claude/settings.json", ".gitignore", ".mcp.json", ".pre-commit-config.yaml", "AGENTS.md", "CLAUDE.md"]

[sources.cc-skills]
spec = "github:yasyf/cc-skills@main"
commit = "0804e71636f5d6b57c59fd2d3717a602c79281af"
